
Microsoft Visual Studio Solution File, Format Version 12.00
# Visual Studio 15
VisualStudioVersion = 15.0.26730.12
MinimumVisualStudioVersion = 10.0.40219.1
Project("{9092AA53-FB77-4645-B42D-1CCCA6BD08BD}") = "SwarmOS", "SwarmOS/SwarmOS.njsproj", "{D6A2BA70-6A0F-4EDE-8402-EA6CC90FE3A9}"
EndProject
Global
	GlobalSection(SolutionConfigurationPlatforms) = preSolution
		Debug|Any CPU = Debug|Any CPU
		Release|Any CPU = Release|Any CPU
	EndGlobalSection
	GlobalSection(ProjectConfigurationPlatforms) = postSolution
		{D6A2BA70-6A0F-4EDE-8402-EA6CC90FE3A9}.Debug|Any CPU.ActiveCfg = Debug|Any CPU
		{D6A2BA70-6A0F-4EDE-8402-EA6CC90FE3A9}.Debug|Any CPU.Build.0 = Debug|Any CPU
		{D6A2BA70-6A0F-4EDE-8402-EA6CC90FE3A9}.Release|Any CPU.ActiveCfg = Release|Any CPU
		{D6A2BA70-6A0F-4EDE-8402-EA6CC90FE3A9}.Release|Any CPU.Build.0 = Release|Any CPU
	EndGlobalSection
	GlobalSection(SolutionProperties) = preSolution
		HideSolutionNode = FALSE
	EndGlobalSection
	GlobalSection(ExtensibilityGlobals) = postSolution
		SolutionGuid = {8A881490-5FA3-490F-A46E-7C52D8C0014A}
	EndGlobalSection
EndGlobal
